
Microsoft Visual Studio Solution File, Format Version 12.00
# Visual Studio Version 17
VisualStudioVersion = 17.5.33627.172
MinimumVisualStudioVersion = 10.0.40219.1
Project("{2150E333-8FDC-42A3-9474-1A3956D46DE8}") = "Services", "Services", "{370F4A63-3F7A-4953-94D9-EE44B00F1388}"
EndProject
Project("{2150E333-8FDC-42A3-9474-1A3956D46DE8}") = "Catalog", "Catalog", "{E89ABC41-68C1-475F-AF21-4BDE1B5ECF36}"
EndProject
Project("{9A19103F-16F7-4668-BE54-9A1E7A4F7556}") = "FreeCourse.Services.Catalog", "Services\Catalog\FreeCourse.Services.Catalog\FreeCourse.Services.Catalog.csproj", "{FBBC077B-D4B0-41D0-AB5E-44A62DB4A32E}"
EndProject
Project("{2150E333-8FDC-42A3-9474-1A3956D46DE8}") = "Solution Items", "Solution Items", "{FD87533F-73F1-461F-A4AD-19E9786ED650}"
	ProjectSection(SolutionItems) = preProject
		ports.txt = ports.txt
	EndProjectSection
EndProject
Project("{2150E333-8FDC-42A3-9474-1A3956D46DE8}") = "Shared", "Shared", "{31CD9C14-BDB5-4979-9AC2-050803B8C110}"
EndProject
Project("{2150E333-8FDC-42A3-9474-1A3956D46DE8}") = "IdentityServer", "IdentityServer", "{A7632A17-3A01-4FA7-9783-45144499716E}"
EndProject
Project("{9A19103F-16F7-4668-BE54-9A1E7A4F7556}") = "FreeCourse.IdentityServer", "IdentityServer\FreeCourse.IdentityServer\FreeCourse.IdentityServer.csproj", "{8C7FCC45-7B7E-48DD-B1B4-EFDADCC1F9A7}"
EndProject
Project("{9A19103F-16F7-4668-BE54-9A1E7A4F7556}") = "FreeCourse.Shared", "FreeCourse.Shared\FreeCourse.Shared.csproj", "{14CA050B-86D6-42B0-8540-5C65F3A2DB4F}"
EndProject
Project("{2150E333-8FDC-42A3-9474-1A3956D46DE8}") = "PhotoStock", "PhotoStock", "{B4CEC1FB-01A6-468F-86CF-00BD1F7D3C29}"
EndProject
Project("{FAE04EC0-301F-11D3-BF4B-00C04F79EFBC}") = "FreeCourse.Services.PhotoStock", "Services\PhotoStock\FreeCourse.Services.PhotoStock\FreeCourse.Services.PhotoStock.csproj", "{16BB862D-22A5-4949-8802-6F5995401063}"
EndProject
Global
	GlobalSection(SolutionConfigurationPlatforms) = preSolution
		Debug|Any CPU = Debug|Any CPU
		Release|Any CPU = Release|Any CPU
	EndGlobalSection
	GlobalSection(ProjectConfigurationPlatforms) = postSolution
		{FBBC077B-D4B0-41D0-AB5E-44A62DB4A32E}.Debug|Any CPU.ActiveCfg = Debug|Any CPU
		{FBBC077B-D4B0-41D0-AB5E-44A62DB4A32E}.Debug|Any CPU.Build.0 = Debug|Any CPU
		{FBBC077B-D4B0-41D0-AB5E-44A62DB4A32E}.Release|Any CPU.ActiveCfg = Release|Any CPU
		{FBBC077B-D4B0-41D0-AB5E-44A62DB4A32E}.Release|Any CPU.Build.0 = Release|Any CPU
		{8C7FCC45-7B7E-48DD-B1B4-EFDADCC1F9A7}.Debug|Any CPU.ActiveCfg = Debug|Any CPU
		{8C7FCC45-7B7E-48DD-B1B4-EFDADCC1F9A7}.Debug|Any CPU.Build.0 = Debug|Any CPU
		{8C7FCC45-7B7E-48DD-B1B4-EFDADCC1F9A7}.Release|Any CPU.ActiveCfg = Release|Any CPU
		{8C7FCC45-7B7E-48DD-B1B4-EFDADCC1F9A7}.Release|Any CPU.Build.0 = Release|Any CPU
		{14CA050B-86D6-42B0-8540-5C65F3A2DB4F}.Debug|Any CPU.ActiveCfg = Debug|Any CPU
		{14CA050B-86D6-42B0-8540-5C65F3A2DB4F}.Debug|Any CPU.Build.0 = Debug|Any CPU
		{14CA050B-86D6-42B0-8540-5C65F3A2DB4F}.Release|Any CPU.ActiveCfg = Release|Any CPU
		{14CA050B-86D6-42B0-8540-5C65F3A2DB4F}.Release|Any CPU.Build.0 = Release|Any CPU
		{16BB862D-22A5-4949-8802-6F5995401063}.Debug|Any CPU.ActiveCfg = Debug|Any CPU
		{16BB862D-22A5-4949-8802-6F5995401063}.Debug|Any CPU.Build.0 = Debug|Any CPU
		{16BB862D-22A5-4949-8802-6F5995401063}.Release|Any CPU.ActiveCfg = Release|Any CPU
		{16BB862D-22A5-4949-8802-6F5995401063}.Release|Any CPU.Build.0 = Release|Any CPU
	EndGlobalSection
	GlobalSection(SolutionProperties) = preSolution
		HideSolutionNode = FALSE
	EndGlobalSection
	GlobalSection(NestedProjects) = preSolution
		{E89ABC41-68C1-475F-AF21-4BDE1B5ECF36} = {370F4A63-3F7A-4953-94D9-EE44B00F1388}
		{FBBC077B-D4B0-41D0-AB5E-44A62DB4A32E} = {E89ABC41-68C1-475F-AF21-4BDE1B5ECF36}
		{8C7FCC45-7B7E-48DD-B1B4-EFDADCC1F9A7} = {A7632A17-3A01-4FA7-9783-45144499716E}
		{14CA050B-86D6-42B0-8540-5C65F3A2DB4F} = {31CD9C14-BDB5-4979-9AC2-050803B8C110}
		{B4CEC1FB-01A6-468F-86CF-00BD1F7D3C29} = {370F4A63-3F7A-4953-94D9-EE44B00F1388}
		{16BB862D-22A5-4949-8802-6F5995401063} = {B4CEC1FB-01A6-468F-86CF-00BD1F7D3C29}
	EndGlobalSection
	GlobalSection(ExtensibilityGlobals) = postSolution
		SolutionGuid = {14DA57E4-210E-45EC-8133-36EFFB48D7AA}
	EndGlobalSection
EndGlobal
