
Microsoft Visual Studio Solution File, Format Version 12.00
# Visual Studio Version 17
VisualStudioVersion = 17.5.33627.172
MinimumVisualStudioVersion = 10.0.40219.1
Project("{2150E333-8FDC-42A3-9474-1A3956D46DE8}") = "Services", "Services", "{370F4A63-3F7A-4953-94D9-EE44B00F1388}"
EndProject
Project("{2150E333-8FDC-42A3-9474-1A3956D46DE8}") = "Catalog", "Catalog", "{E89ABC41-68C1-475F-AF21-4BDE1B5ECF36}"
EndProject
Project("{9A19103F-16F7-4668-BE54-9A1E7A4F7556}") = "FreeCourse.Services.Catalog", "Services\Catalog\FreeCourse.Services.Catalog\FreeCourse.Services.Catalog.csproj", "{FBBC077B-D4B0-41D0-AB5E-44A62DB4A32E}"
EndProject
Project("{2150E333-8FDC-42A3-9474-1A3956D46DE8}") = "Solution Items", "Solution Items", "{FD87533F-73F1-461F-A4AD-19E9786ED650}"
	ProjectSection(SolutionItems) = preProject
		ports.txt = ports.txt
	EndProjectSection
EndProject
Project("{2150E333-8FDC-42A3-9474-1A3956D46DE8}") = "Shared", "Shared", "{31CD9C14-BDB5-4979-9AC2-050803B8C110}"
EndProject
Project("{2150E333-8FDC-42A3-9474-1A3956D46DE8}") = "IdentityServer", "IdentityServer", "{A7632A17-3A01-4FA7-9783-45144499716E}"
EndProject
Project("{9A19103F-16F7-4668-BE54-9A1E7A4F7556}") = "FreeCourse.Shared", "FreeCourse.Shared\FreeCourse.Shared.csproj", "{14CA050B-86D6-42B0-8540-5C65F3A2DB4F}"
EndProject
Project("{2150E333-8FDC-42A3-9474-1A3956D46DE8}") = "PhotoStock", "PhotoStock", "{B4CEC1FB-01A6-468F-86CF-00BD1F7D3C29}"
EndProject
Project("{9A19103F-16F7-4668-BE54-9A1E7A4F7556}") = "FreeCourse.Services.PhotoStock", "Services\PhotoStock\FreeCourse.Services.PhotoStock\FreeCourse.Services.PhotoStock.csproj", "{16BB862D-22A5-4949-8802-6F5995401063}"
EndProject
Project("{2150E333-8FDC-42A3-9474-1A3956D46DE8}") = "Basket", "Basket", "{848CD7D6-8634-4EDC-9D9B-40468BB8A711}"
EndProject
Project("{9A19103F-16F7-4668-BE54-9A1E7A4F7556}") = "FreeCourse.Services.Basket", "Services\Basket\FreeCourse.Services.Basket\FreeCourse.Services.Basket.csproj", "{183B9CE0-F9A9-40F0-A567-10636C7B86FD}"
EndProject
Project("{2150E333-8FDC-42A3-9474-1A3956D46DE8}") = "Discount", "Discount", "{8DDC3D47-A4FD-4D53-93A5-E1BF849AA7EF}"
EndProject
Project("{9A19103F-16F7-4668-BE54-9A1E7A4F7556}") = "FreeCourse.Services.Discount", "Services\Discount\FreeCourse.Services.Discount\FreeCourse.Services.Discount.csproj", "{D21A2190-E783-47AA-AF2B-F732301592CF}"
EndProject
Project("{9A19103F-16F7-4668-BE54-9A1E7A4F7556}") = "FreeCourse.IdentityServer", "IdentityServer\FreeCourse.IdentityServer\FreeCourse.IdentityServer.csproj", "{12AA9FBF-BED2-45A1-A5FD-7B96674101B0}"
EndProject
Project("{2150E333-8FDC-42A3-9474-1A3956D46DE8}") = "Order", "Order", "{F3C34EFA-09B0-4465-B442-A791451599A1}"
EndProject
Project("{9A19103F-16F7-4668-BE54-9A1E7A4F7556}") = "FreeCourse.Services.Order.API", "Services\Order\FreeCourse.Services.Order.API\FreeCourse.Services.Order.API.csproj", "{A340EC7B-FDE5-483A-A388-8A3C2C01719C}"
EndProject
Project("{9A19103F-16F7-4668-BE54-9A1E7A4F7556}") = "FreeCourse.Services.Order.Application", "Services\Order\FreeCourse.Services.Order.Application\FreeCourse.Services.Order.Application.csproj", "{556373A9-0727-4AE3-A6CD-7F50A342FD83}"
EndProject
Project("{9A19103F-16F7-4668-BE54-9A1E7A4F7556}") = "FreeCourse.Services.Order.Domain", "Services\Order\FreeCourse.Services.Order.Domain\FreeCourse.Services.Order.Domain.csproj", "{A3A9DA97-2999-41DD-9AE1-EFDC9A585CFD}"
EndProject
Project("{9A19103F-16F7-4668-BE54-9A1E7A4F7556}") = "FreeCourse.Services.Order.Domain.Core", "Services\Order\FreeCourse.Services.Order.Domain.Core\FreeCourse.Services.Order.Domain.Core.csproj", "{463FAD60-9B33-43AC-BADB-32A79A6F5152}"
EndProject
Project("{9A19103F-16F7-4668-BE54-9A1E7A4F7556}") = "FreeCourse.Services.Order.Infrastructure", "Services\Order\FreeCourse.Services.Order.Infrastructure\FreeCourse.Services.Order.Infrastructure.csproj", "{6D0DA0EE-4DD2-4DA8-9D23-27664A1CD128}"
EndProject
Project("{2150E333-8FDC-42A3-9474-1A3956D46DE8}") = "Payment", "Payment", "{1CF30BA0-6F89-4D58-851E-ACED6797BE57}"
EndProject
Project("{9A19103F-16F7-4668-BE54-9A1E7A4F7556}") = "FreeCourse.Services.Payment", "Services\Payment\FreeCourse.Services.Payment\FreeCourse.Services.Payment.csproj", "{7B0D8186-AD1B-48E9-ACDD-43188937D785}"
EndProject
Project("{2150E333-8FDC-42A3-9474-1A3956D46DE8}") = "Gateways", "Gateways", "{9DF89169-9247-46D5-9858-DB12AAB88524}"
EndProject
Project("{2150E333-8FDC-42A3-9474-1A3956D46DE8}") = "Web", "Web", "{642EB6A1-BBB0-476C-BAAF-E462CB55659C}"
EndProject
Project("{FAE04EC0-301F-11D3-BF4B-00C04F79EFBC}") = "FreeCourse.Gateways.WebApi", "Gateways\Web\FreeCourse.Gateways.WebApi\FreeCourse.Gateways.WebApi.csproj", "{57A10CFB-8384-4026-8404-3F88D1244265}"
EndProject
Project("{2150E333-8FDC-42A3-9474-1A3956D46DE8}") = "Mobile", "Mobile", "{68AE70B0-2F76-437F-8595-77437418E1E1}"
EndProject
Project("{FAE04EC0-301F-11D3-BF4B-00C04F79EFBC}") = "FreeCourse.Gateways.MobileApi", "Gateways\Mobile\FreeCourse.Gateways.MobileApi\FreeCourse.Gateways.MobileApi.csproj", "{D8BBFED7-2A4B-4D35-B3EA-AC7356265496}"
EndProject
Global
	GlobalSection(SolutionConfigurationPlatforms) = preSolution
		Debug|Any CPU = Debug|Any CPU
		Release|Any CPU = Release|Any CPU
	EndGlobalSection
	GlobalSection(ProjectConfigurationPlatforms) = postSolution
		{FBBC077B-D4B0-41D0-AB5E-44A62DB4A32E}.Debug|Any CPU.ActiveCfg = Debug|Any CPU
		{FBBC077B-D4B0-41D0-AB5E-44A62DB4A32E}.Debug|Any CPU.Build.0 = Debug|Any CPU
		{FBBC077B-D4B0-41D0-AB5E-44A62DB4A32E}.Release|Any CPU.ActiveCfg = Release|Any CPU
		{FBBC077B-D4B0-41D0-AB5E-44A62DB4A32E}.Release|Any CPU.Build.0 = Release|Any CPU
		{14CA050B-86D6-42B0-8540-5C65F3A2DB4F}.Debug|Any CPU.ActiveCfg = Debug|Any CPU
		{14CA050B-86D6-42B0-8540-5C65F3A2DB4F}.Debug|Any CPU.Build.0 = Debug|Any CPU
		{14CA050B-86D6-42B0-8540-5C65F3A2DB4F}.Release|Any CPU.ActiveCfg = Release|Any CPU
		{14CA050B-86D6-42B0-8540-5C65F3A2DB4F}.Release|Any CPU.Build.0 = Release|Any CPU
		{16BB862D-22A5-4949-8802-6F5995401063}.Debug|Any CPU.ActiveCfg = Debug|Any CPU
		{16BB862D-22A5-4949-8802-6F5995401063}.Debug|Any CPU.Build.0 = Debug|Any CPU
		{16BB862D-22A5-4949-8802-6F5995401063}.Release|Any CPU.ActiveCfg = Release|Any CPU
		{16BB862D-22A5-4949-8802-6F5995401063}.Release|Any CPU.Build.0 = Release|Any CPU
		{183B9CE0-F9A9-40F0-A567-10636C7B86FD}.Debug|Any CPU.ActiveCfg = Debug|Any CPU
		{183B9CE0-F9A9-40F0-A567-10636C7B86FD}.Debug|Any CPU.Build.0 = Debug|Any CPU
		{183B9CE0-F9A9-40F0-A567-10636C7B86FD}.Release|Any CPU.ActiveCfg = Release|Any CPU
		{183B9CE0-F9A9-40F0-A567-10636C7B86FD}.Release|Any CPU.Build.0 = Release|Any CPU
		{D21A2190-E783-47AA-AF2B-F732301592CF}.Debug|Any CPU.ActiveCfg = Debug|Any CPU
		{D21A2190-E783-47AA-AF2B-F732301592CF}.Debug|Any CPU.Build.0 = Debug|Any CPU
		{D21A2190-E783-47AA-AF2B-F732301592CF}.Release|Any CPU.ActiveCfg = Release|Any CPU
		{D21A2190-E783-47AA-AF2B-F732301592CF}.Release|Any CPU.Build.0 = Release|Any CPU
		{12AA9FBF-BED2-45A1-A5FD-7B96674101B0}.Debug|Any CPU.ActiveCfg = Debug|Any CPU
		{12AA9FBF-BED2-45A1-A5FD-7B96674101B0}.Debug|Any CPU.Build.0 = Debug|Any CPU
		{12AA9FBF-BED2-45A1-A5FD-7B96674101B0}.Release|Any CPU.ActiveCfg = Release|Any CPU
		{12AA9FBF-BED2-45A1-A5FD-7B96674101B0}.Release|Any CPU.Build.0 = Release|Any CPU
		{A340EC7B-FDE5-483A-A388-8A3C2C01719C}.Debug|Any CPU.ActiveCfg = Debug|Any CPU
		{A340EC7B-FDE5-483A-A388-8A3C2C01719C}.Debug|Any CPU.Build.0 = Debug|Any CPU
		{A340EC7B-FDE5-483A-A388-8A3C2C01719C}.Release|Any CPU.ActiveCfg = Release|Any CPU
		{A340EC7B-FDE5-483A-A388-8A3C2C01719C}.Release|Any CPU.Build.0 = Release|Any CPU
		{556373A9-0727-4AE3-A6CD-7F50A342FD83}.Debug|Any CPU.ActiveCfg = Debug|Any CPU
		{556373A9-0727-4AE3-A6CD-7F50A342FD83}.Debug|Any CPU.Build.0 = Debug|Any CPU
		{556373A9-0727-4AE3-A6CD-7F50A342FD83}.Release|Any CPU.ActiveCfg = Release|Any CPU
		{556373A9-0727-4AE3-A6CD-7F50A342FD83}.Release|Any CPU.Build.0 = Release|Any CPU
		{A3A9DA97-2999-41DD-9AE1-EFDC9A585CFD}.Debug|Any CPU.ActiveCfg = Debug|Any CPU
		{A3A9DA97-2999-41DD-9AE1-EFDC9A585CFD}.Debug|Any CPU.Build.0 = Debug|Any CPU
		{A3A9DA97-2999-41DD-9AE1-EFDC9A585CFD}.Release|Any CPU.ActiveCfg = Release|Any CPU
		{A3A9DA97-2999-41DD-9AE1-EFDC9A585CFD}.Release|Any CPU.Build.0 = Release|Any CPU
		{463FAD60-9B33-43AC-BADB-32A79A6F5152}.Debug|Any CPU.ActiveCfg = Debug|Any CPU
		{463FAD60-9B33-43AC-BADB-32A79A6F5152}.Debug|Any CPU.Build.0 = Debug|Any CPU
		{463FAD60-9B33-43AC-BADB-32A79A6F5152}.Release|Any CPU.ActiveCfg = Release|Any CPU
		{463FAD60-9B33-43AC-BADB-32A79A6F5152}.Release|Any CPU.Build.0 = Release|Any CPU
		{6D0DA0EE-4DD2-4DA8-9D23-27664A1CD128}.Debug|Any CPU.ActiveCfg = Debug|Any CPU
		{6D0DA0EE-4DD2-4DA8-9D23-27664A1CD128}.Debug|Any CPU.Build.0 = Debug|Any CPU
		{6D0DA0EE-4DD2-4DA8-9D23-27664A1CD128}.Release|Any CPU.ActiveCfg = Release|Any CPU
		{6D0DA0EE-4DD2-4DA8-9D23-27664A1CD128}.Release|Any CPU.Build.0 = Release|Any CPU
		{7B0D8186-AD1B-48E9-ACDD-43188937D785}.Debug|Any CPU.ActiveCfg = Debug|Any CPU
		{7B0D8186-AD1B-48E9-ACDD-43188937D785}.Debug|Any CPU.Build.0 = Debug|Any CPU
		{7B0D8186-AD1B-48E9-ACDD-43188937D785}.Release|Any CPU.ActiveCfg = Release|Any CPU
		{7B0D8186-AD1B-48E9-ACDD-43188937D785}.Release|Any CPU.Build.0 = Release|Any CPU
		{57A10CFB-8384-4026-8404-3F88D1244265}.Debug|Any CPU.ActiveCfg = Debug|Any CPU
		{57A10CFB-8384-4026-8404-3F88D1244265}.Debug|Any CPU.Build.0 = Debug|Any CPU
		{57A10CFB-8384-4026-8404-3F88D1244265}.Release|Any CPU.ActiveCfg = Release|Any CPU
		{57A10CFB-8384-4026-8404-3F88D1244265}.Release|Any CPU.Build.0 = Release|Any CPU
		{D8BBFED7-2A4B-4D35-B3EA-AC7356265496}.Debug|Any CPU.ActiveCfg = Debug|Any CPU
		{D8BBFED7-2A4B-4D35-B3EA-AC7356265496}.Debug|Any CPU.Build.0 = Debug|Any CPU
		{D8BBFED7-2A4B-4D35-B3EA-AC7356265496}.Release|Any CPU.ActiveCfg = Release|Any CPU
		{D8BBFED7-2A4B-4D35-B3EA-AC7356265496}.Release|Any CPU.Build.0 = Release|Any CPU
	EndGlobalSection
	GlobalSection(SolutionProperties) = preSolution
		HideSolutionNode = FALSE
	EndGlobalSection
	GlobalSection(NestedProjects) = preSolution
		{E89ABC41-68C1-475F-AF21-4BDE1B5ECF36} = {370F4A63-3F7A-4953-94D9-EE44B00F1388}
		{FBBC077B-D4B0-41D0-AB5E-44A62DB4A32E} = {E89ABC41-68C1-475F-AF21-4BDE1B5ECF36}
		{14CA050B-86D6-42B0-8540-5C65F3A2DB4F} = {31CD9C14-BDB5-4979-9AC2-050803B8C110}
		{B4CEC1FB-01A6-468F-86CF-00BD1F7D3C29} = {370F4A63-3F7A-4953-94D9-EE44B00F1388}
		{16BB862D-22A5-4949-8802-6F5995401063} = {B4CEC1FB-01A6-468F-86CF-00BD1F7D3C29}
		{848CD7D6-8634-4EDC-9D9B-40468BB8A711} = {370F4A63-3F7A-4953-94D9-EE44B00F1388}
		{183B9CE0-F9A9-40F0-A567-10636C7B86FD} = {848CD7D6-8634-4EDC-9D9B-40468BB8A711}
		{8DDC3D47-A4FD-4D53-93A5-E1BF849AA7EF} = {370F4A63-3F7A-4953-94D9-EE44B00F1388}
		{D21A2190-E783-47AA-AF2B-F732301592CF} = {8DDC3D47-A4FD-4D53-93A5-E1BF849AA7EF}
		{12AA9FBF-BED2-45A1-A5FD-7B96674101B0} = {A7632A17-3A01-4FA7-9783-45144499716E}
		{F3C34EFA-09B0-4465-B442-A791451599A1} = {370F4A63-3F7A-4953-94D9-EE44B00F1388}
		{A340EC7B-FDE5-483A-A388-8A3C2C01719C} = {F3C34EFA-09B0-4465-B442-A791451599A1}
		{556373A9-0727-4AE3-A6CD-7F50A342FD83} = {F3C34EFA-09B0-4465-B442-A791451599A1}
		{A3A9DA97-2999-41DD-9AE1-EFDC9A585CFD} = {F3C34EFA-09B0-4465-B442-A791451599A1}
		{463FAD60-9B33-43AC-BADB-32A79A6F5152} = {F3C34EFA-09B0-4465-B442-A791451599A1}
		{6D0DA0EE-4DD2-4DA8-9D23-27664A1CD128} = {F3C34EFA-09B0-4465-B442-A791451599A1}
		{1CF30BA0-6F89-4D58-851E-ACED6797BE57} = {370F4A63-3F7A-4953-94D9-EE44B00F1388}
		{7B0D8186-AD1B-48E9-ACDD-43188937D785} = {1CF30BA0-6F89-4D58-851E-ACED6797BE57}
		{642EB6A1-BBB0-476C-BAAF-E462CB55659C} = {9DF89169-9247-46D5-9858-DB12AAB88524}
		{57A10CFB-8384-4026-8404-3F88D1244265} = {642EB6A1-BBB0-476C-BAAF-E462CB55659C}
		{68AE70B0-2F76-437F-8595-77437418E1E1} = {9DF89169-9247-46D5-9858-DB12AAB88524}
		{D8BBFED7-2A4B-4D35-B3EA-AC7356265496} = {68AE70B0-2F76-437F-8595-77437418E1E1}
	EndGlobalSection
	GlobalSection(ExtensibilityGlobals) = postSolution
		SolutionGuid = {14DA57E4-210E-45EC-8133-36EFFB48D7AA}
	EndGlobalSection
EndGlobal
